
Microsoft Visual Studio Solution File, Format Version 12.00
# Visual Studio 2013
VisualStudioVersion = 12.0.21005.1
MinimumVisualStudioVersion = 10.0.40219.1
Project("{F184B08F-C81C-45F6-A57F-5ABD9991F28F}") = "Aplicacion", "Aplicacion\Aplicacion.vbproj", "{B5E3FDCB-F250-48ED-8D86-AD3735C368CE}"
EndProject
Global
	GlobalSection(SolutionConfigurationPlatforms) = preSolution
		Debug|Any CPU = Debug|Any CPU
		Release|Any CPU = Release|Any CPU
	EndGlobalSection
	GlobalSection(ProjectConfigurationPlatforms) = postSolution
		{B5E3FDCB-F250-48ED-8D86-AD3735C368CE}.Debug|Any CPU.ActiveCfg = Debug|Any CPU
		{B5E3FDCB-F250-48ED-8D86-AD3735C368CE}.Debug|Any CPU.Build.0 = Debug|Any CPU
		{B5E3FDCB-F250-48ED-8D86-AD3735C368CE}.Release|Any CPU.ActiveCfg = Release|Any CPU
		{B5E3FDCB-F250-48ED-8D86-AD3735C368CE}.Release|Any CPU.Build.0 = Release|Any CPU
	EndGlobalSection
	GlobalSection(SolutionProperties) = preSolution
		HideSolutionNode = FALSE
	EndGlobalSection
EndGlobal
